<?xml version="1.0" encoding="utf-8"?>
<Project ToolsVersion="4.0" xmlns="http://schemas.microsoft.com/developer/msbuild/2003">
  <ItemGroup>
    <Filter Include="Source Files">
      <UniqueIdentifier>{0529b024-ab07-40a1-93be-2f7a644103ea}</UniqueIdentifier>
      <Extensions>cpp;c;cxx;rc;def;r;odl;idl;hpj;bat</Extensions>
    </Filter>
    <Filter Include="Header Files">
      <UniqueIdentifier>{0efd9f63-e30e-4a6d-9046-7d08a6dbf7ec}</UniqueIdentifier>
      <Extensions>h;hpp;hxx;hm;inl</Extensions>
    </Filter>
    <Filter Include="Resource Files">
      <UniqueIdentifier>{eab3d319-24de-4acb-8667-98372cf1fae5}</UniqueIdentifier>
      <Extensions>ico;cur;bmp;dlg;rc2;rct;bin;rgs;gif;jpg;jpeg;jpe</Extensions>
    </Filter>
  </ItemGroup>
  <ItemGroup>
    <ClCompile Include="aspi.cpp">
      <Filter>Source Files</Filter>
    </ClCompile>
    <ClCompile Include="assocext.cpp">
      <Filter>Source Files</Filter>
    </ClCompile>
    <ClCompile Include="cd.cpp">
      <Filter>Source Files</Filter>
    </ClCompile>
    <ClCompile Include="draw.cpp">
      <Filter>Source Files</Filter>
    </ClCompile>
    <ClCompile Include="dvd.cpp">
      <Filter>Source Files</Filter>
    </ClCompile>
    <ClCompile Include="dvdoptions.cpp">
      <Filter>Source Files</Filter>
    </ClCompile>
    <ClCompile Include="filter.cpp">
      <Filter>Source Files</Filter>
    </ClCompile>
    <ClCompile Include="freedb.cpp">
      <Filter>Source Files</Filter>
    </ClCompile>
    <ClCompile Include="lang.cpp">
      <Filter>Source Files</Filter>
    </ClCompile>
    <ClCompile Include="playctrl.cpp">
      <Filter>Source Files</Filter>
    </ClCompile>
    <ClCompile Include="playlist.cpp">
      <Filter>Source Files</Filter>
    </ClCompile>
    <ClCompile Include="sound.cpp">
      <Filter>Source Files</Filter>
    </ClCompile>
    <ClCompile Include="tag.cpp">
      <Filter>Source Files</Filter>
    </ClCompile>
    <ClCompile Include="tinyplay.cpp">
      <Filter>Source Files</Filter>
    </ClCompile>
    <ClCompile Include="vsfilter.cpp">
      <Filter>Source Files</Filter>
    </ClCompile>
    <ClCompile Include="winamp.cpp">
      <Filter>Source Files</Filter>
    </ClCompile>
    <ClCompile Include="xml.cpp">
      <Filter>Source Files</Filter>
    </ClCompile>
  </ItemGroup>
  <ItemGroup>
    <ResourceCompile Include="tinyplay.rc">
      <Filter>Source Files</Filter>
    </ResourceCompile>
  </ItemGroup>
  <ItemGroup>
    <ClInclude Include="Aspi.h">
      <Filter>Header Files</Filter>
    </ClInclude>
    <ClInclude Include="assocext.h">
      <Filter>Header Files</Filter>
    </ClInclude>
    <ClInclude Include="cd.h">
      <Filter>Header Files</Filter>
    </ClInclude>
    <ClInclude Include="darray.h">
      <Filter>Header Files</Filter>
    </ClInclude>
    <ClInclude Include="draw.h">
      <Filter>Header Files</Filter>
    </ClInclude>
    <ClInclude Include="dvd.h">
      <Filter>Header Files</Filter>
    </ClInclude>
    <ClInclude Include="filter.h">
      <Filter>Header Files</Filter>
    </ClInclude>
    <ClInclude Include="hdr.h">
      <Filter>Header Files</Filter>
    </ClInclude>
    <ClInclude Include="lang.h">
      <Filter>Header Files</Filter>
    </ClInclude>
    <ClInclude Include="sound.h">
      <Filter>Header Files</Filter>
    </ClInclude>
    <ClInclude Include="tinyplay.h">
      <Filter>Header Files</Filter>
    </ClInclude>
    <ClInclude Include="util.h">
      <Filter>Header Files</Filter>
    </ClInclude>
    <ClInclude Include="winamp.h">
      <Filter>Header Files</Filter>
    </ClInclude>
    <ClInclude Include="xml.h">
      <Filter>Header Files</Filter>
    </ClInclude>
  </ItemGroup>
  <ItemGroup>
    <None Include="Playbtn.bmp">
      <Filter>Resource Files</Filter>
    </None>
    <None Include="tinyplay.ico">
      <Filter>Resource Files</Filter>
    </None>
  </ItemGroup>
</Project>